
Microsoft Visual Studio Solution File, Format Version 12.00
# Visual Studio 15
VisualStudioVersion = 15.0.27004.2005
MinimumVisualStudioVersion = 10.0.40219.1
Project("{2150E333-8FDC-42A3-9474-1A3956D46DE8}") = "src", "src", "{7D9FC821-A71B-48F8-BFBF-7523C6F85C37}"
EndProject
Project("{2150E333-8FDC-42A3-9474-1A3956D46DE8}") = "test", "test", "{7FBF1E34-35D4-4A17-9029-295D55D9F692}"
EndProject
Project("{2150E333-8FDC-42A3-9474-1A3956D46DE8}") = "Solution Items", "Solution Items", "{7DEEA18D-41F7-4B5A-8482-5D9577D839DF}"
	ProjectSection(SolutionItems) = preProject
		.gitignore = .gitignore
		appveyor.yml = appveyor.yml
		build.ps1 = build.ps1
		LICENSE = LICENSE
		README.md = README.md
	EndProjectSection
EndProject
Project("{9A19103F-16F7-4668-BE54-9A1E7A4F7556}") = "OdeToCode.UseNodeModules", "src\OdeToCode.UseNodeModules\OdeToCode.UseNodeModules.csproj", "{7A277FDD-6FE5-42D5-A1B2-8D7F3FC07590}"
EndProject
Project("{9A19103F-16F7-4668-BE54-9A1E7A4F7556}") = "OdeToCode.UseNodeModules.Tests", "test\OdeToCode.UseNodeModules.Tests\OdeToCode.UseNodeModules.Tests.csproj", "{8F8317A2-95F9-4BA7-B390-F876F08FD6B1}"
EndProject
Global
	GlobalSection(SolutionConfigurationPlatforms) = preSolution
		Debug|Any CPU = Debug|Any CPU
		Release|Any CPU = Release|Any CPU
	EndGlobalSection
	GlobalSection(ProjectConfigurationPlatforms) = postSolution
		{7A277FDD-6FE5-42D5-A1B2-8D7F3FC07590}.Debug|Any CPU.ActiveCfg = Debug|Any CPU
		{7A277FDD-6FE5-42D5-A1B2-8D7F3FC07590}.Debug|Any CPU.Build.0 = Debug|Any CPU
		{7A277FDD-6FE5-42D5-A1B2-8D7F3FC07590}.Release|Any CPU.ActiveCfg = Release|Any CPU
		{7A277FDD-6FE5-42D5-A1B2-8D7F3FC07590}.Release|Any CPU.Build.0 = Release|Any CPU
		{8F8317A2-95F9-4BA7-B390-F876F08FD6B1}.Debug|Any CPU.ActiveCfg = Debug|Any CPU
		{8F8317A2-95F9-4BA7-B390-F876F08FD6B1}.Debug|Any CPU.Build.0 = Debug|Any CPU
		{8F8317A2-95F9-4BA7-B390-F876F08FD6B1}.Release|Any CPU.ActiveCfg = Release|Any CPU
		{8F8317A2-95F9-4BA7-B390-F876F08FD6B1}.Release|Any CPU.Build.0 = Release|Any CPU
	EndGlobalSection
	GlobalSection(SolutionProperties) = preSolution
		HideSolutionNode = FALSE
	EndGlobalSection
	GlobalSection(NestedProjects) = preSolution
		{7A277FDD-6FE5-42D5-A1B2-8D7F3FC07590} = {7D9FC821-A71B-48F8-BFBF-7523C6F85C37}
		{8F8317A2-95F9-4BA7-B390-F876F08FD6B1} = {7FBF1E34-35D4-4A17-9029-295D55D9F692}
	EndGlobalSection
	GlobalSection(ExtensibilityGlobals) = postSolution
		SolutionGuid = {E59ADB13-BC9F-457D-9FB8-9E4F0219FB06}
	EndGlobalSection
EndGlobal
